
Microsoft Visual Studio Solution File, Format Version 12.00
# Visual Studio Version 17
VisualStudioVersion = 17.7.34221.43
MinimumVisualStudioVersion = 10.0.40219.1
Project("{FAE04EC0-301F-11D3-BF4B-00C04F79EFBC}") = "RoyalHospital", "RoyalHospital.csproj", "{120F0F44-EB12-4314-AD8A-70C9981B07B0}"
EndProject
Global
	GlobalSection(SolutionConfigurationPlatforms) = preSolution
		Debug|Any CPU = Debug|Any CPU
		Release|Any CPU = Release|Any CPU
	EndGlobalSection
	GlobalSection(ProjectConfigurationPlatforms) = postSolution
		{120F0F44-EB12-4314-AD8A-70C9981B07B0}.Debug|Any CPU.ActiveCfg = Debug|Any CPU
		{120F0F44-EB12-4314-AD8A-70C9981B07B0}.Debug|Any CPU.Build.0 = Debug|Any CPU
		{120F0F44-EB12-4314-AD8A-70C9981B07B0}.Release|Any CPU.ActiveCfg = Release|Any CPU
		{120F0F44-EB12-4314-AD8A-70C9981B07B0}.Release|Any CPU.Build.0 = Release|Any CPU
	EndGlobalSection
	GlobalSection(SolutionProperties) = preSolution
		HideSolutionNode = FALSE
	EndGlobalSection
	GlobalSection(ExtensibilityGlobals) = postSolution
		SolutionGuid = {280BC937-61DC-4F28-8820-0E7D3610B870}
	EndGlobalSection
EndGlobal
